
Microsoft Visual Studio Solution File, Format Version 12.00
# Visual Studio 2013
VisualStudioVersion = 12.0.40629.0
MinimumVisualStudioVersion = 10.0.40219.1
Project("{FAE04EC0-301F-11D3-BF4B-00C04F79EFBC}") = "Domains", "Domains\Domains.csproj", "{469CEBBF-3152-4232-AC78-C44869986168}"
EndProject
Project("{FAE04EC0-301F-11D3-BF4B-00C04F79EFBC}") = "ConsoleRamais", "ConsoleRamais\ConsoleRamais.csproj", "{31DF3370-D19C-4857-B62C-11D4FE65D5AF}"
EndProject
Global
	GlobalSection(SolutionConfigurationPlatforms) = preSolution
		Debug|Any CPU = Debug|Any CPU
		Release|Any CPU = Release|Any CPU
	EndGlobalSection
	GlobalSection(ProjectConfigurationPlatforms) = postSolution
		{469CEBBF-3152-4232-AC78-C44869986168}.Debug|Any CPU.ActiveCfg = Debug|Any CPU
		{469CEBBF-3152-4232-AC78-C44869986168}.Debug|Any CPU.Build.0 = Debug|Any CPU
		{469CEBBF-3152-4232-AC78-C44869986168}.Release|Any CPU.ActiveCfg = Release|Any CPU
		{469CEBBF-3152-4232-AC78-C44869986168}.Release|Any CPU.Build.0 = Release|Any CPU
		{31DF3370-D19C-4857-B62C-11D4FE65D5AF}.Debug|Any CPU.ActiveCfg = Debug|Any CPU
		{31DF3370-D19C-4857-B62C-11D4FE65D5AF}.Debug|Any CPU.Build.0 = Debug|Any CPU
		{31DF3370-D19C-4857-B62C-11D4FE65D5AF}.Release|Any CPU.ActiveCfg = Release|Any CPU
		{31DF3370-D19C-4857-B62C-11D4FE65D5AF}.Release|Any CPU.Build.0 = Release|Any CPU
	EndGlobalSection
	GlobalSection(SolutionProperties) = preSolution
		HideSolutionNode = FALSE
	EndGlobalSection
EndGlobal
